// !$*UTF8*$!
{
	archiveVersion = 1;
	classes = {
	};
	objectVersion = 46;
	objects = {

/* Begin PBXBuildFile section */
		702ED72D1BE917DC00961271 /* monkey.obj in CopyFiles */ = {isa = PBXBuildFile; fileRef = 702ED72C1BE917CF00961271 /* monkey.obj */; };
		702ED7301BE93D0100961271 /* Mesh.cpp in Sources */ = {isa = PBXBuildFile; fileRef = 702ED72E1BE93D0100961271 /* Mesh.cpp */; };
		7052CE4D1BDD38AD000D4446 /* main.cpp in Sources */ = {isa = PBXBuildFile; fileRef = 7052CE4C1BDD38AD000D4446 /* main.cpp */; };
		7052CE571BDD38F8000D4446 /* ShaderManager.cpp in Sources */ = {isa = PBXBuildFile; fileRef = 7052CE551BDD38F8000D4446 /* ShaderManager.cpp */; };
		7052CE591BDD39A2000D4446 /* OpenGL.framework in Frameworks */ = {isa = PBXBuildFile; fileRef = 7052CE581BDD39A2000D4446 /* OpenGL.framework */; };
		7052CE5B1BDD39B7000D4446 /* libglfw3.3.1.dylib in Frameworks */ = {isa = PBXBuildFile; fileRef = 7052CE5A1BDD39B7000D4446 /* libglfw3.3.1.dylib */; };
		7052CE5D1BDD39C7000D4446 /* libGLEW.1.11.0.dylib in Frameworks */ = {isa = PBXBuildFile; fileRef = 7052CE5C1BDD39C7000D4446 /* libGLEW.1.11.0.dylib */; };
		7052CE5F1BDD39EB000D4446 /* Cocoa.framework in Frameworks */ = {isa = PBXBuildFile; fileRef = 7052CE5E1BDD39EB000D4446 /* Cocoa.framework */; };
		7052CE611BDD39F1000D4446 /* IOKit.framework in Frameworks */ = {isa = PBXBuildFile; fileRef = 7052CE601BDD39F1000D4446 /* IOKit.framework */; };
		7052CE681BDD3B72000D4446 /* fragmentshader.glsl in CopyFiles */ = {isa = PBXBuildFile; fileRef = 7052CE531BDD38D3000D4446 /* fragmentshader.glsl */; };
		7052CE691BDD3B72000D4446 /* vertexshader.glsl in CopyFiles */ = {isa = PBXBuildFile; fileRef = 7052CE541BDD38E2000D4446 /* vertexshader.glsl */; };
		7052CE6C1BE1297B000D4446 /* Camera.cpp in Sources */ = {isa = PBXBuildFile; fileRef = 7052CE6A1BE1297B000D4446 /* Camera.cpp */; };
		7052CE751BE3F877000D4446 /* Keyboard.cpp in Sources */ = {isa = PBXBuildFile; fileRef = 7052CE731BE3F877000D4446 /* Keyboard.cpp */; };
		7052CE851BE53192000D4446 /* CoreVideo.framework in Frameworks */ = {isa = PBXBuildFile; fileRef = 7052CE841BE53192000D4446 /* CoreVideo.framework */; };
		7052CE871BE55A84000D4446 /* cube.obj in CopyFiles */ = {isa = PBXBuildFile; fileRef = 7052CE861BE55A7F000D4446 /* cube.obj */; };
		708F584B1C71E7DF00B26E7A /* Cone.cpp in Sources */ = {isa = PBXBuildFile; fileRef = 708F58491C71E7DF00B26E7A /* Cone.cpp */; };
		708F584E1C732BA300B26E7A /* TextureLoader.cpp in Sources */ = {isa = PBXBuildFile; fileRef = 708F584C1C732BA300B26E7A /* TextureLoader.cpp */; };
		708F58531C7344A900B26E7A /* Texture.cpp in Sources */ = {isa = PBXBuildFile; fileRef = 708F58511C7344A900B26E7A /* Texture.cpp */; };
		708F58681C738B1C00B26E7A /* snow.png in CopyFiles */ = {isa = PBXBuildFile; fileRef = 708F58641C7389F900B26E7A /* snow.png */; };
		708F58691C738B1C00B26E7A /* grass.png in CopyFiles */ = {isa = PBXBuildFile; fileRef = 708F58651C738A7500B26E7A /* grass.png */; };
		708F586A1C738B1C00B26E7A /* sand.png in CopyFiles */ = {isa = PBXBuildFile; fileRef = 708F58661C738AAA00B26E7A /* sand.png */; };
		708F586B1C738B1C00B26E7A /* rock.png in CopyFiles */ = {isa = PBXBuildFile; fileRef = 708F58671C738AFD00B26E7A /* rock.png */; };
		708F587B1C74B19800B26E7A /* sand2.png in CopyFiles */ = {isa = PBXBuildFile; fileRef = 708F58781C74B0E400B26E7A /* sand2.png */; };
		708F587C1C74B19800B26E7A /* grass2.png in CopyFiles */ = {isa = PBXBuildFile; fileRef = 708F58741C74AE7600B26E7A /* grass2.png */; };
		708F587D1C74B19800B26E7A /* rock2.png in CopyFiles */ = {isa = PBXBuildFile; fileRef = 708F58791C74B13000B26E7A /* rock2.png */; };
		708F587E1C74B19800B26E7A /* snow2.png in CopyFiles */ = {isa = PBXBuildFile; fileRef = 708F587A1C74B16000B26E7A /* snow2.png */; };
		708F58811C74CC7900B26E7A /* Cube.cpp in Sources */ = {isa = PBXBuildFile; fileRef = 708F587F1C74CC7900B26E7A /* Cube.cpp */; };
		708F588D1C74F27200B26E7A /* back2.tga in CopyFiles */ = {isa = PBXBuildFile; fileRef = 708F58871C74F21400B26E7A /* back2.tga */; };
		708F588E1C74F27200B26E7A /* bottom2.tga in CopyFiles */ = {isa = PBXBuildFile; fileRef = 708F58881C74F21400B26E7A /* bottom2.tga */; };
		708F588F1C74F27200B26E7A /* front2.tga in CopyFiles */ = {isa = PBXBuildFile; fileRef = 708F58891C74F21400B26E7A /* front2.tga */; };
		708F58901C74F27200B26E7A /* left2.tga in CopyFiles */ = {isa = PBXBuildFile; fileRef = 708F588A1C74F21400B26E7A /* left2.tga */; };
		708F58911C74F27200B26E7A /* right2.tga in CopyFiles */ = {isa = PBXBuildFile; fileRef = 708F588B1C74F21400B26E7A /* right2.tga */; };
		708F58921C74F27200B26E7A /* top2.tga in CopyFiles */ = {isa = PBXBuildFile; fileRef = 708F588C1C74F21400B26E7A /* top2.tga */; };
		708F58931C74F2FB00B26E7A /* skybox_vs.glsl in CopyFiles */ = {isa = PBXBuildFile; fileRef = 708F58851C74EDBA00B26E7A /* skybox_vs.glsl */; };
		708F58941C74F2FB00B26E7A /* skybox_fs.glsl in CopyFiles */ = {isa = PBXBuildFile; fileRef = 708F58861C74EDCA00B26E7A /* skybox_fs.glsl */; };
		708F58A31C7511CA00B26E7A /* gl_utils.cpp in Sources */ = {isa = PBXBuildFile; fileRef = 708F58A11C7511CA00B26E7A /* gl_utils.cpp */; };
		708F58A61C7519A200B26E7A /* Skybox.cpp in Sources */ = {isa = PBXBuildFile; fileRef = 708F58A41C7519A200B26E7A /* Skybox.cpp */; };
		708F58AD1C752C5F00B26E7A /* back.tga in CopyFiles */ = {isa = PBXBuildFile; fileRef = 708F58A71C752C2000B26E7A /* back.tga */; };
		708F58AE1C752C5F00B26E7A /* bottom.tga in CopyFiles */ = {isa = PBXBuildFile; fileRef = 708F58A81C752C2000B26E7A /* bottom.tga */; };
		708F58AF1C752C5F00B26E7A /* front.tga in CopyFiles */ = {isa = PBXBuildFile; fileRef = 708F58A91C752C2000B26E7A /* front.tga */; };
		708F58B01C752C5F00B26E7A /* left.tga in CopyFiles */ = {isa = PBXBuildFile; fileRef = 708F58AA1C752C2000B26E7A /* left.tga */; };
		708F58B11C752C5F00B26E7A /* right.tga in CopyFiles */ = {isa = PBXBuildFile; fileRef = 708F58AB1C752C2000B26E7A /* right.tga */; };
		708F58B21C752C5F00B26E7A /* top.tga in CopyFiles */ = {isa = PBXBuildFile; fileRef = 708F58AC1C752C2000B26E7A /* top.tga */; };
		708F58B91C7539C000B26E7A /* back3.tga in CopyFiles */ = {isa = PBXBuildFile; fileRef = 708F58B31C75398200B26E7A /* back3.tga */; };
		708F58BA1C7539C000B26E7A /* bottom3.tga in CopyFiles */ = {isa = PBXBuildFile; fileRef = 708F58B41C75398200B26E7A /* bottom3.tga */; };
		708F58BB1C7539C000B26E7A /* front3.tga in CopyFiles */ = {isa = PBXBuildFile; fileRef = 708F58B51C75398200B26E7A /* front3.tga */; };
		708F58BC1C7539C000B26E7A /* left3.tga in CopyFiles */ = {isa = PBXBuildFile; fileRef = 708F58B61C75398200B26E7A /* left3.tga */; };
		708F58BD1C7539C000B26E7A /* right3.tga in CopyFiles */ = {isa = PBXBuildFile; fileRef = 708F58B71C75398200B26E7A /* right3.tga */; };
		708F58BE1C7539C000B26E7A /* top3.tga in CopyFiles */ = {isa = PBXBuildFile; fileRef = 708F58B81C75398200B26E7A /* top3.tga */; };
		708F58C51C753C3E00B26E7A /* back4.png in CopyFiles */ = {isa = PBXBuildFile; fileRef = 708F58BF1C753BFB00B26E7A /* back4.png */; };
		708F58C61C753C3E00B26E7A /* bottom4.png in CopyFiles */ = {isa = PBXBuildFile; fileRef = 708F58C01C753BFB00B26E7A /* bottom4.png */; };
		708F58C71C753C3E00B26E7A /* front4.png in CopyFiles */ = {isa = PBXBuildFile; fileRef = 708F58C11C753BFB00B26E7A /* front4.png */; };
		708F58C81C753C3E00B26E7A /* left4.png in CopyFiles */ = {isa = PBXBuildFile; fileRef = 708F58C21C753BFB00B26E7A /* left4.png */; };
		708F58C91C753C3E00B26E7A /* right4.png in CopyFiles */ = {isa = PBXBuildFile; fileRef = 708F58C31C753BFB00B26E7A /* right4.png */; };
		708F58CA1C753C3E00B26E7A /* top4.png in CopyFiles */ = {isa = PBXBuildFile; fileRef = 708F58C41C753BFB00B26E7A /* top4.png */; };
		709654411C264A98005BB137 /* DiamondSquare.cpp in Sources */ = {isa = PBXBuildFile; fileRef = 7096543F1C264A98005BB137 /* DiamondSquare.cpp */; };
		709654441C2D916A005BB137 /* Fault.cpp in Sources */ = {isa = PBXBuildFile; fileRef = 709654421C2D916A005BB137 /* Fault.cpp */; };
		709654471C3C2AF5005BB137 /* Graph.cpp in Sources */ = {isa = PBXBuildFile; fileRef = 709654451C3C2AF5005BB137 /* Graph.cpp */; };
		7096544D1C3C3BAB005BB137 /* RMP.cpp in Sources */ = {isa = PBXBuildFile; fileRef = 7096544B1C3C3BAB005BB137 /* RMP.cpp */; };
		70BF607E1BF91D2700319D05 /* heightmap.png in CopyFiles */ = {isa = PBXBuildFile; fileRef = 70BF607D1BF91D1C00319D05 /* heightmap.png */; };
		70E3C5D21BEF6B2600E1DD90 /* dragon.obj in CopyFiles */ = {isa = PBXBuildFile; fileRef = 70E3C5D11BEF6A6900E1DD90 /* dragon.obj */; };
		70E3C5D31BEF6B3000E1DD90 /* buddha.obj in CopyFiles */ = {isa = PBXBuildFile; fileRef = 70E3C5D01BEF6A5900E1DD90 /* buddha.obj */; };
		70E3C5D61BEF808500E1DD90 /* MeshLoader.cpp in Sources */ = {isa = PBXBuildFile; fileRef = 70E3C5D41BEF808500E1DD90 /* MeshLoader.cpp */; };
		70E3C5D81BEF89FA00E1DD90 /* libassimp.3.1.1.dylib in Frameworks */ = {isa = PBXBuildFile; fileRef = 70E3C5D71BEF89FA00E1DD90 /* libassimp.3.1.1.dylib */; };
		70E3C5E01BEFAE3800E1DD90 /* bunny.obj in CopyFiles */ = {isa = PBXBuildFile; fileRef = 70E3C5DF1BEFAE2300E1DD90 /* bunny.obj */; };
		70E3C5E31BEFBCEF00E1DD90 /* Light.cpp in Sources */ = {isa = PBXBuildFile; fileRef = 70E3C5E11BEFBCEF00E1DD90 /* Light.cpp */; };
		70E3C5E61BEFD4DF00E1DD90 /* Material.cpp in Sources */ = {isa = PBXBuildFile; fileRef = 70E3C5E41BEFD4DF00E1DD90 /* Material.cpp */; };
		70E3C5E91BF0E89600E1DD90 /* Heightmap.cpp in Sources */ = {isa = PBXBuildFile; fileRef = 70E3C5E71BF0E89600E1DD90 /* Heightmap.cpp */; };
		70E3C5EF1BF27F7E00E1DD90 /* terrain.png in CopyFiles */ = {isa = PBXBuildFile; fileRef = 70E3C5EE1BF27F7000E1DD90 /* terrain.png */; };
		70FA2FC81C3C63D600A53B93 /* Ray.cpp in Sources */ = {isa = PBXBuildFile; fileRef = 70FA2FC61C3C63D600A53B93 /* Ray.cpp */; };
/* End PBXBuildFile section */

/* Begin PBXCopyFilesBuildPhase section */
		7052CE471BDD38AD000D4446 /* CopyFiles */ = {
			isa = PBXCopyFilesBuildPhase;
			buildActionMask = 2147483647;
			dstPath = /usr/share/man/man1/;
			dstSubfolderSpec = 0;
			files = (
			);
			runOnlyForDeploymentPostprocessing = 1;
		};
		7052CE671BDD3B67000D4446 /* CopyFiles */ = {
			isa = PBXCopyFilesBuildPhase;
			buildActionMask = 2147483647;
			dstPath = "";
			dstSubfolderSpec = 16;
			files = (
				708F58C51C753C3E00B26E7A /* back4.png in CopyFiles */,
				708F58C61C753C3E00B26E7A /* bottom4.png in CopyFiles */,
				708F58C71C753C3E00B26E7A /* front4.png in CopyFiles */,
				708F58C81C753C3E00B26E7A /* left4.png in CopyFiles */,
				708F58C91C753C3E00B26E7A /* right4.png in CopyFiles */,
				708F58CA1C753C3E00B26E7A /* top4.png in CopyFiles */,
				708F58B91C7539C000B26E7A /* back3.tga in CopyFiles */,
				708F58BA1C7539C000B26E7A /* bottom3.tga in CopyFiles */,
				708F58BB1C7539C000B26E7A /* front3.tga in CopyFiles */,
				708F58BC1C7539C000B26E7A /* left3.tga in CopyFiles */,
				708F58BD1C7539C000B26E7A /* right3.tga in CopyFiles */,
				708F58BE1C7539C000B26E7A /* top3.tga in CopyFiles */,
				708F58AD1C752C5F00B26E7A /* back.tga in CopyFiles */,
				708F58AE1C752C5F00B26E7A /* bottom.tga in CopyFiles */,
				708F58AF1C752C5F00B26E7A /* front.tga in CopyFiles */,
				708F58B01C752C5F00B26E7A /* left.tga in CopyFiles */,
				708F58B11C752C5F00B26E7A /* right.tga in CopyFiles */,
				708F58B21C752C5F00B26E7A /* top.tga in CopyFiles */,
				708F58931C74F2FB00B26E7A /* skybox_vs.glsl in CopyFiles */,
				708F58941C74F2FB00B26E7A /* skybox_fs.glsl in CopyFiles */,
				708F588D1C74F27200B26E7A /* back2.tga in CopyFiles */,
				708F588E1C74F27200B26E7A /* bottom2.tga in CopyFiles */,
				708F588F1C74F27200B26E7A /* front2.tga in CopyFiles */,
				708F58901C74F27200B26E7A /* left2.tga in CopyFiles */,
				708F58911C74F27200B26E7A /* right2.tga in CopyFiles */,
				708F58921C74F27200B26E7A /* top2.tga in CopyFiles */,
				708F587B1C74B19800B26E7A /* sand2.png in CopyFiles */,
				708F587C1C74B19800B26E7A /* grass2.png in CopyFiles */,
				708F587D1C74B19800B26E7A /* rock2.png in CopyFiles */,
				708F587E1C74B19800B26E7A /* snow2.png in CopyFiles */,
				708F58681C738B1C00B26E7A /* snow.png in CopyFiles */,
				708F58691C738B1C00B26E7A /* grass.png in CopyFiles */,
				708F586A1C738B1C00B26E7A /* sand.png in CopyFiles */,
				708F586B1C738B1C00B26E7A /* rock.png in CopyFiles */,
				70BF607E1BF91D2700319D05 /* heightmap.png in CopyFiles */,
				70E3C5EF1BF27F7E00E1DD90 /* terrain.png in CopyFiles */,
				70E3C5E01BEFAE3800E1DD90 /* bunny.obj in CopyFiles */,
				70E3C5D31BEF6B3000E1DD90 /* buddha.obj in CopyFiles */,
				70E3C5D21BEF6B2600E1DD90 /* dragon.obj in CopyFiles */,
				702ED72D1BE917DC00961271 /* monkey.obj in CopyFiles */,
				7052CE871BE55A84000D4446 /* cube.obj in CopyFiles */,
				7052CE681BDD3B72000D4446 /* fragmentshader.glsl in CopyFiles */,
				7052CE691BDD3B72000D4446 /* vertexshader.glsl in CopyFiles */,
			);
			runOnlyForDeploymentPostprocessing = 0;
		};
/* End PBXCopyFilesBuildPhase section */

/* Begin PBXFileReference section */
		702ED72C1BE917CF00961271 /* monkey.obj */ = {isa = PBXFileReference; fileEncoding = 4; lastKnownFileType = text; path = monkey.obj; sourceTree = "<group>"; };
		702ED72E1BE93D0100961271 /* Mesh.cpp */ = {isa = PBXFileReference; fileEncoding = 4; lastKnownFileType = sourcecode.cpp.cpp; path = Mesh.cpp; sourceTree = "<group>"; };
		702ED72F1BE93D0100961271 /* Mesh.hpp */ = {isa = PBXFileReference; fileEncoding = 4; lastKnownFileType = sourcecode.cpp.h; path = Mesh.hpp; sourceTree = "<group>"; };
		7052CE491BDD38AD000D4446 /* TerrainGeneration */ = {isa = PBXFileReference; explicitFileType = "compiled.mach-o.executable"; includeInIndex = 0; path = TerrainGeneration; sourceTree = BUILT_PRODUCTS_DIR; };
		7052CE4C1BDD38AD000D4446 /* main.cpp */ = {isa = PBXFileReference; lastKnownFileType = sourcecode.cpp.cpp; path = main.cpp; sourceTree = "<group>"; };
		7052CE531BDD38D3000D4446 /* fragmentshader.glsl */ = {isa = PBXFileReference; fileEncoding = 4; lastKnownFileType = text; path = fragmentshader.glsl; sourceTree = "<group>"; };
		7052CE541BDD38E2000D4446 /* vertexshader.glsl */ = {isa = PBXFileReference; fileEncoding = 4; lastKnownFileType = text; path = vertexshader.glsl; sourceTree = "<group>"; };
		7052CE551BDD38F8000D4446 /* ShaderManager.cpp */ = {isa = PBXFileReference; fileEncoding = 4; lastKnownFileType = sourcecode.cpp.cpp; path = ShaderManager.cpp; sourceTree = "<group>"; };
		7052CE561BDD38F8000D4446 /* ShaderManager.hpp */ = {isa = PBXFileReference; fileEncoding = 4; lastKnownFileType = sourcecode.cpp.h; path = ShaderManager.hpp; sourceTree = "<group>"; };
		7052CE581BDD39A2000D4446 /* OpenGL.framework */ = {isa = PBXFileReference; lastKnownFileType = wrapper.framework; name = OpenGL.framework; path = System/Library/Frameworks/OpenGL.framework; sourceTree = SDKROOT; };
		7052CE5A1BDD39B7000D4446 /* libglfw3.3.1.dylib */ = {isa = PBXFileReference; lastKnownFileType = "compiled.mach-o.dylib"; name = libglfw3.3.1.dylib; path = ../../../../../../../usr/local/Cellar/glfw3/3.1.1/lib/libglfw3.3.1.dylib; sourceTree = "<group>"; };
		7052CE5C1BDD39C7000D4446 /* libGLEW.1.11.0.dylib */ = {isa = PBXFileReference; lastKnownFileType = "compiled.mach-o.dylib"; name = libGLEW.1.11.0.dylib; path = ../../../../../../../usr/local/Cellar/glew/1.11.0/lib/libGLEW.1.11.0.dylib; sourceTree = "<group>"; };
		7052CE5E1BDD39EB000D4446 /* Cocoa.framework */ = {isa = PBXFileReference; lastKnownFileType = wrapper.framework; name = Cocoa.framework; path = System/Library/Frameworks/Cocoa.framework; sourceTree = SDKROOT; };
		7052CE601BDD39F1000D4446 /* IOKit.framework */ = {isa = PBXFileReference; lastKnownFileType = wrapper.framework; name = IOKit.framework; path = System/Library/Frameworks/IOKit.framework; sourceTree = SDKROOT; };
		7052CE6A1BE1297B000D4446 /* Camera.cpp */ = {isa = PBXFileReference; fileEncoding = 4; lastKnownFileType = sourcecode.cpp.cpp; path = Camera.cpp; sourceTree = "<group>"; };
		7052CE6B1BE1297B000D4446 /* Camera.hpp */ = {isa = PBXFileReference; fileEncoding = 4; lastKnownFileType = sourcecode.cpp.h; path = Camera.hpp; sourceTree = "<group>"; };
		7052CE731BE3F877000D4446 /* Keyboard.cpp */ = {isa = PBXFileReference; fileEncoding = 4; lastKnownFileType = sourcecode.cpp.cpp; path = Keyboard.cpp; sourceTree = "<group>"; };
		7052CE741BE3F877000D4446 /* Keyboard.hpp */ = {isa = PBXFileReference; fileEncoding = 4; lastKnownFileType = sourcecode.cpp.h; path = Keyboard.hpp; sourceTree = "<group>"; };
		7052CE841BE53192000D4446 /* CoreVideo.framework */ = {isa = PBXFileReference; lastKnownFileType = wrapper.framework; name = CoreVideo.framework; path = System/Library/Frameworks/CoreVideo.framework; sourceTree = SDKROOT; };
		7052CE861BE55A7F000D4446 /* cube.obj */ = {isa = PBXFileReference; fileEncoding = 4; lastKnownFileType = text; path = cube.obj; sourceTree = "<group>"; };
		708F58491C71E7DF00B26E7A /* Cone.cpp */ = {isa = PBXFileReference; fileEncoding = 4; lastKnownFileType = sourcecode.cpp.cpp; path = Cone.cpp; sourceTree = "<group>"; };
		708F584A1C71E7DF00B26E7A /* Cone.hpp */ = {isa = PBXFileReference; fileEncoding = 4; lastKnownFileType = sourcecode.cpp.h; path = Cone.hpp; sourceTree = "<group>"; };
		708F584C1C732BA300B26E7A /* TextureLoader.cpp */ = {isa = PBXFileReference; fileEncoding = 4; lastKnownFileType = sourcecode.cpp.cpp; path = TextureLoader.cpp; sourceTree = "<group>"; };
		708F584D1C732BA300B26E7A /* TextureLoader.hpp */ = {isa = PBXFileReference; fileEncoding = 4; lastKnownFileType = sourcecode.cpp.h; path = TextureLoader.hpp; sourceTree = "<group>"; };
		708F58511C7344A900B26E7A /* Texture.cpp */ = {isa = PBXFileReference; fileEncoding = 4; lastKnownFileType = sourcecode.cpp.cpp; path = Texture.cpp; sourceTree = "<group>"; };
		708F58521C7344A900B26E7A /* Texture.hpp */ = {isa = PBXFileReference; fileEncoding = 4; lastKnownFileType = sourcecode.cpp.h; path = Texture.hpp; sourceTree = "<group>"; };
		708F58641C7389F900B26E7A /* snow.png */ = {isa = PBXFileReference; lastKnownFileType = image.png; path = snow.png; sourceTree = "<group>"; };
		708F58651C738A7500B26E7A /* grass.png */ = {isa = PBXFileReference; lastKnownFileType = image.png; path = grass.png; sourceTree = "<group>"; };
		708F58661C738AAA00B26E7A /* sand.png */ = {isa = PBXFileReference; lastKnownFileType = image.png; path = sand.png; sourceTree = "<group>"; };
		708F58671C738AFD00B26E7A /* rock.png */ = {isa = PBXFileReference; lastKnownFileType = image.png; path = rock.png; sourceTree = "<group>"; };
		708F58741C74AE7600B26E7A /* grass2.png */ = {isa = PBXFileReference; lastKnownFileType = image.png; path = grass2.png; sourceTree = "<group>"; };
		708F58781C74B0E400B26E7A /* sand2.png */ = {isa = PBXFileReference; lastKnownFileType = image.png; path = sand2.png; sourceTree = "<group>"; };
		708F58791C74B13000B26E7A /* rock2.png */ = {isa = PBXFileReference; lastKnownFileType = image.png; path = rock2.png; sourceTree = "<group>"; };
		708F587A1C74B16000B26E7A /* snow2.png */ = {isa = PBXFileReference; lastKnownFileType = image.png; path = snow2.png; sourceTree = "<group>"; };
		708F587F1C74CC7900B26E7A /* Cube.cpp */ = {isa = PBXFileReference; fileEncoding = 4; lastKnownFileType = sourcecode.cpp.cpp; path = Cube.cpp; sourceTree = "<group>"; };
		708F58801C74CC7900B26E7A /* Cube.hpp */ = {isa = PBXFileReference; fileEncoding = 4; lastKnownFileType = sourcecode.cpp.h; path = Cube.hpp; sourceTree = "<group>"; };
		708F58851C74EDBA00B26E7A /* skybox_vs.glsl */ = {isa = PBXFileReference; fileEncoding = 4; lastKnownFileType = text; path = skybox_vs.glsl; sourceTree = "<group>"; };
		708F58861C74EDCA00B26E7A /* skybox_fs.glsl */ = {isa = PBXFileReference; fileEncoding = 4; lastKnownFileType = text; path = skybox_fs.glsl; sourceTree = "<group>"; };
		708F58871C74F21400B26E7A /* back2.tga */ = {isa = PBXFileReference; lastKnownFileType = file; path = back2.tga; sourceTree = "<group>"; };
		708F58881C74F21400B26E7A /* bottom2.tga */ = {isa = PBXFileReference; lastKnownFileType = file; path = bottom2.tga; sourceTree = "<group>"; };
		708F58891C74F21400B26E7A /* front2.tga */ = {isa = PBXFileReference; lastKnownFileType = file; path = front2.tga; sourceTree = "<group>"; };
		708F588A1C74F21400B26E7A /* left2.tga */ = {isa = PBXFileReference; lastKnownFileType = file; path = left2.tga; sourceTree = "<group>"; };
		708F588B1C74F21400B26E7A /* right2.tga */ = {isa = PBXFileReference; lastKnownFileType = file; path = right2.tga; sourceTree = "<group>"; };
		708F588C1C74F21400B26E7A /* top2.tga */ = {isa = PBXFileReference; lastKnownFileType = file; path = top2.tga; sourceTree = "<group>"; };
		708F58A11C7511CA00B26E7A /* gl_utils.cpp */ = {isa = PBXFileReference; fileEncoding = 4; lastKnownFileType = sourcecode.cpp.cpp; path = gl_utils.cpp; sourceTree = "<group>"; };
		708F58A21C7511CA00B26E7A /* gl_utils.h */ = {isa = PBXFileReference; fileEncoding = 4; lastKnownFileType = sourcecode.c.h; path = gl_utils.h; sourceTree = "<group>"; };
		708F58A41C7519A200B26E7A /* Skybox.cpp */ = {isa = PBXFileReference; fileEncoding = 4; lastKnownFileType = sourcecode.cpp.cpp; path = Skybox.cpp; sourceTree = "<group>"; };
		708F58A51C7519A200B26E7A /* Skybox.hpp */ = {isa = PBXFileReference; fileEncoding = 4; lastKnownFileType = sourcecode.cpp.h; path = Skybox.hpp; sourceTree = "<group>"; };
		708F58A71C752C2000B26E7A /* back.tga */ = {isa = PBXFileReference; lastKnownFileType = file; path = back.tga; sourceTree = "<group>"; };
		708F58A81C752C2000B26E7A /* bottom.tga */ = {isa = PBXFileReference; lastKnownFileType = file; path = bottom.tga; sourceTree = "<group>"; };
		708F58A91C752C2000B26E7A /* front.tga */ = {isa = PBXFileReference; lastKnownFileType = file; path = front.tga; sourceTree = "<group>"; };
		708F58AA1C752C2000B26E7A /* left.tga */ = {isa = PBXFileReference; lastKnownFileType = file; path = left.tga; sourceTree = "<group>"; };
		708F58AB1C752C2000B26E7A /* right.tga */ = {isa = PBXFileReference; lastKnownFileType = file; path = right.tga; sourceTree = "<group>"; };
		708F58AC1C752C2000B26E7A /* top.tga */ = {isa = PBXFileReference; lastKnownFileType = file; path = top.tga; sourceTree = "<group>"; };
		708F58B31C75398200B26E7A /* back3.tga */ = {isa = PBXFileReference; lastKnownFileType = file; path = back3.tga; sourceTree = "<group>"; };
		708F58B41C75398200B26E7A /* bottom3.tga */ = {isa = PBXFileReference; lastKnownFileType = file; path = bottom3.tga; sourceTree = "<group>"; };
		708F58B51C75398200B26E7A /* front3.tga */ = {isa = PBXFileReference; lastKnownFileType = file; path = front3.tga; sourceTree = "<group>"; };
		708F58B61C75398200B26E7A /* left3.tga */ = {isa = PBXFileReference; lastKnownFileType = file; path = left3.tga; sourceTree = "<group>"; };
		708F58B71C75398200B26E7A /* right3.tga */ = {isa = PBXFileReference; lastKnownFileType = file; path = right3.tga; sourceTree = "<group>"; };
		708F58B81C75398200B26E7A /* top3.tga */ = {isa = PBXFileReference; lastKnownFileType = file; path = top3.tga; sourceTree = "<group>"; };
		708F58BF1C753BFB00B26E7A /* back4.png */ = {isa = PBXFileReference; lastKnownFileType = image.png; path = back4.png; sourceTree = "<group>"; };
		708F58C01C753BFB00B26E7A /* bottom4.png */ = {isa = PBXFileReference; lastKnownFileType = image.png; path = bottom4.png; sourceTree = "<group>"; };
		708F58C11C753BFB00B26E7A /* front4.png */ = {isa = PBXFileReference; lastKnownFileType = image.png; path = front4.png; sourceTree = "<group>"; };
		708F58C21C753BFB00B26E7A /* left4.png */ = {isa = PBXFileReference; lastKnownFileType = image.png; path = left4.png; sourceTree = "<group>"; };
		708F58C31C753BFB00B26E7A /* right4.png */ = {isa = PBXFileReference; lastKnownFileType = image.png; path = right4.png; sourceTree = "<group>"; };
		708F58C41C753BFB00B26E7A /* top4.png */ = {isa = PBXFileReference; lastKnownFileType = image.png; path = top4.png; sourceTree = "<group>"; };
		7096543F1C264A98005BB137 /* DiamondSquare.cpp */ = {isa = PBXFileReference; fileEncoding = 4; lastKnownFileType = sourcecode.cpp.cpp; path = DiamondSquare.cpp; sourceTree = "<group>"; };
		709654401C264A98005BB137 /* DiamondSquare.hpp */ = {isa = PBXFileReference; fileEncoding = 4; lastKnownFileType = sourcecode.cpp.h; path = DiamondSquare.hpp; sourceTree = "<group>"; };
		709654421C2D916A005BB137 /* Fault.cpp */ = {isa = PBXFileReference; fileEncoding = 4; lastKnownFileType = sourcecode.cpp.cpp; path = Fault.cpp; sourceTree = "<group>"; };
		709654431C2D916A005BB137 /* Fault.hpp */ = {isa = PBXFileReference; fileEncoding = 4; lastKnownFileType = sourcecode.cpp.h; path = Fault.hpp; sourceTree = "<group>"; };
		709654451C3C2AF5005BB137 /* Graph.cpp */ = {isa = PBXFileReference; fileEncoding = 4; lastKnownFileType = sourcecode.cpp.cpp; path = Graph.cpp; sourceTree = "<group>"; };
		709654461C3C2AF5005BB137 /* Graph.hpp */ = {isa = PBXFileReference; fileEncoding = 4; lastKnownFileType = sourcecode.cpp.h; path = Graph.hpp; sourceTree = "<group>"; };
		7096544B1C3C3BAB005BB137 /* RMP.cpp */ = {isa = PBXFileReference; fileEncoding = 4; lastKnownFileType = sourcecode.cpp.cpp; path = RMP.cpp; sourceTree = "<group>"; };
		7096544C1C3C3BAB005BB137 /* RMP.hpp */ = {isa = PBXFileReference; fileEncoding = 4; lastKnownFileType = sourcecode.cpp.h; path = RMP.hpp; sourceTree = "<group>"; };
		70BF607D1BF91D1C00319D05 /* heightmap.png */ = {isa = PBXFileReference; lastKnownFileType = image.png; path = heightmap.png; sourceTree = "<group>"; };
		70E3C5D01BEF6A5900E1DD90 /* buddha.obj */ = {isa = PBXFileReference; fileEncoding = 4; lastKnownFileType = text; path = buddha.obj; sourceTree = "<group>"; };
		70E3C5D11BEF6A6900E1DD90 /* dragon.obj */ = {isa = PBXFileReference; fileEncoding = 4; lastKnownFileType = text; path = dragon.obj; sourceTree = "<group>"; };
		70E3C5D41BEF808500E1DD90 /* MeshLoader.cpp */ = {isa = PBXFileReference; fileEncoding = 4; lastKnownFileType = sourcecode.cpp.cpp; path = MeshLoader.cpp; sourceTree = "<group>"; };
		70E3C5D51BEF808500E1DD90 /* MeshLoader.hpp */ = {isa = PBXFileReference; fileEncoding = 4; lastKnownFileType = sourcecode.cpp.h; path = MeshLoader.hpp; sourceTree = "<group>"; };
		70E3C5D71BEF89FA00E1DD90 /* libassimp.3.1.1.dylib */ = {isa = PBXFileReference; lastKnownFileType = "compiled.mach-o.dylib"; name = libassimp.3.1.1.dylib; path = ../../../../../../../usr/local/Cellar/assimp/3.1.1/lib/libassimp.3.1.1.dylib; sourceTree = "<group>"; };
		70E3C5DF1BEFAE2300E1DD90 /* bunny.obj */ = {isa = PBXFileReference; fileEncoding = 4; lastKnownFileType = text; path = bunny.obj; sourceTree = "<group>"; };
		70E3C5E11BEFBCEF00E1DD90 /* Light.cpp */ = {isa = PBXFileReference; fileEncoding = 4; lastKnownFileType = sourcecode.cpp.cpp; path = Light.cpp; sourceTree = "<group>"; };
		70E3C5E21BEFBCEF00E1DD90 /* Light.hpp */ = {isa = PBXFileReference; fileEncoding = 4; lastKnownFileType = sourcecode.cpp.h; path = Light.hpp; sourceTree = "<group>"; };
		70E3C5E41BEFD4DF00E1DD90 /* Material.cpp */ = {isa = PBXFileReference; fileEncoding = 4; lastKnownFileType = sourcecode.cpp.cpp; path = Material.cpp; sourceTree = "<group>"; };
		70E3C5E51BEFD4DF00E1DD90 /* Material.hpp */ = {isa = PBXFileReference; fileEncoding = 4; lastKnownFileType = sourcecode.cpp.h; path = Material.hpp; sourceTree = "<group>"; };
		70E3C5E71BF0E89600E1DD90 /* Heightmap.cpp */ = {isa = PBXFileReference; fileEncoding = 4; lastKnownFileType = sourcecode.cpp.cpp; path = Heightmap.cpp; sourceTree = "<group>"; };
		70E3C5E81BF0E89600E1DD90 /* Heightmap.hpp */ = {isa = PBXFileReference; fileEncoding = 4; lastKnownFileType = sourcecode.cpp.h; path = Heightmap.hpp; sourceTree = "<group>"; };
		70E3C5ED1BF273B100E1DD90 /* stb_image.h */ = {isa = PBXFileReference; fileEncoding = 4; lastKnownFileType = sourcecode.c.h; path = stb_image.h; sourceTree = "<group>"; };
		70E3C5EE1BF27F7000E1DD90 /* terrain.png */ = {isa = PBXFileReference; lastKnownFileType = image.png; path = terrain.png; sourceTree = "<group>"; };
		70FA2FC61C3C63D600A53B93 /* Ray.cpp */ = {isa = PBXFileReference; fileEncoding = 4; lastKnownFileType = sourcecode.cpp.cpp; path = Ray.cpp; sourceTree = "<group>"; };
		70FA2FC71C3C63D600A53B93 /* Ray.hpp */ = {isa = PBXFileReference; fileEncoding = 4; lastKnownFileType = sourcecode.cpp.h; path = Ray.hpp; sourceTree = "<group>"; };
/* End PBXFileReference section */

/* Begin PBXFrameworksBuildPhase section */
		7052CE461BDD38AD000D4446 /* Frameworks */ = {
			isa = PBXFrameworksBuildPhase;
			buildActionMask = 2147483647;
			files = (
				7052CE5F1BDD39EB000D4446 /* Cocoa.framework in Frameworks */,
				7052CE591BDD39A2000D4446 /* OpenGL.framework in Frameworks */,
				7052CE611BDD39F1000D4446 /* IOKit.framework in Frameworks */,
				7052CE851BE53192000D4446 /* CoreVideo.framework in Frameworks */,
				7052CE5D1BDD39C7000D4446 /* libGLEW.1.11.0.dylib in Frameworks */,
				7052CE5B1BDD39B7000D4446 /* libglfw3.3.1.dylib in Frameworks */,
				70E3C5D81BEF89FA00E1DD90 /* libassimp.3.1.1.dylib in Frameworks */,
			);
			runOnlyForDeploymentPostprocessing = 0;
		};
/* End PBXFrameworksBuildPhase section */

/* Begin PBXGroup section */
		7052CE401BDD38AD000D4446 = {
			isa = PBXGroup;
			children = (
				70E3C5D71BEF89FA00E1DD90 /* libassimp.3.1.1.dylib */,
				7052CE841BE53192000D4446 /* CoreVideo.framework */,
				7052CE601BDD39F1000D4446 /* IOKit.framework */,
				7052CE5E1BDD39EB000D4446 /* Cocoa.framework */,
				7052CE5C1BDD39C7000D4446 /* libGLEW.1.11.0.dylib */,
				7052CE5A1BDD39B7000D4446 /* libglfw3.3.1.dylib */,
				7052CE581BDD39A2000D4446 /* OpenGL.framework */,
				7052CE4B1BDD38AD000D4446 /* TerrainGeneration */,
				7052CE4A1BDD38AD000D4446 /* Products */,
			);
			sourceTree = "<group>";
		};
		7052CE4A1BDD38AD000D4446 /* Products */ = {
			isa = PBXGroup;
			children = (
				7052CE491BDD38AD000D4446 /* TerrainGeneration */,
			);
			name = Products;
			sourceTree = "<group>";
		};
		7052CE4B1BDD38AD000D4446 /* TerrainGeneration */ = {
			isa = PBXGroup;
			children = (
				708F58781C74B0E400B26E7A /* sand2.png */,
				708F58741C74AE7600B26E7A /* grass2.png */,
				708F58791C74B13000B26E7A /* rock2.png */,
				708F587A1C74B16000B26E7A /* snow2.png */,
				708F58661C738AAA00B26E7A /* sand.png */,
				708F58651C738A7500B26E7A /* grass.png */,
				708F58671C738AFD00B26E7A /* rock.png */,
				708F58641C7389F900B26E7A /* snow.png */,
				708F58BF1C753BFB00B26E7A /* back4.png */,
				708F58C01C753BFB00B26E7A /* bottom4.png */,
				708F58C11C753BFB00B26E7A /* front4.png */,
				708F58C21C753BFB00B26E7A /* left4.png */,
				708F58C31C753BFB00B26E7A /* right4.png */,
				708F58C41C753BFB00B26E7A /* top4.png */,
				708F58B31C75398200B26E7A /* back3.tga */,
				708F58B41C75398200B26E7A /* bottom3.tga */,
				708F58B51C75398200B26E7A /* front3.tga */,
				708F58B61C75398200B26E7A /* left3.tga */,
				708F58B71C75398200B26E7A /* right3.tga */,
				708F58B81C75398200B26E7A /* top3.tga */,
				708F58871C74F21400B26E7A /* back2.tga */,
				708F58881C74F21400B26E7A /* bottom2.tga */,
				708F58891C74F21400B26E7A /* front2.tga */,
				708F588A1C74F21400B26E7A /* left2.tga */,
				708F588B1C74F21400B26E7A /* right2.tga */,
				708F588C1C74F21400B26E7A /* top2.tga */,
				708F58A71C752C2000B26E7A /* back.tga */,
				708F58A81C752C2000B26E7A /* bottom.tga */,
				708F58A91C752C2000B26E7A /* front.tga */,
				708F58AA1C752C2000B26E7A /* left.tga */,
				708F58AB1C752C2000B26E7A /* right.tga */,
				708F58AC1C752C2000B26E7A /* top.tga */,
				70E3C5D11BEF6A6900E1DD90 /* dragon.obj */,
				70E3C5DF1BEFAE2300E1DD90 /* bunny.obj */,
				70E3C5D01BEF6A5900E1DD90 /* buddha.obj */,
				702ED72C1BE917CF00961271 /* monkey.obj */,
				70BF607D1BF91D1C00319D05 /* heightmap.png */,
				70E3C5EE1BF27F7000E1DD90 /* terrain.png */,
				7052CE4C1BDD38AD000D4446 /* main.cpp */,
				7052CE531BDD38D3000D4446 /* fragmentshader.glsl */,
				7052CE541BDD38E2000D4446 /* vertexshader.glsl */,
				7052CE861BE55A7F000D4446 /* cube.obj */,
				70E3C5ED1BF273B100E1DD90 /* stb_image.h */,
				7052CE551BDD38F8000D4446 /* ShaderManager.cpp */,
				7052CE561BDD38F8000D4446 /* ShaderManager.hpp */,
				7052CE6A1BE1297B000D4446 /* Camera.cpp */,
				7052CE6B1BE1297B000D4446 /* Camera.hpp */,
				7052CE731BE3F877000D4446 /* Keyboard.cpp */,
				7052CE741BE3F877000D4446 /* Keyboard.hpp */,
				702ED72E1BE93D0100961271 /* Mesh.cpp */,
				702ED72F1BE93D0100961271 /* Mesh.hpp */,
				70E3C5D41BEF808500E1DD90 /* MeshLoader.cpp */,
				70E3C5D51BEF808500E1DD90 /* MeshLoader.hpp */,
				70E3C5E11BEFBCEF00E1DD90 /* Light.cpp */,
				70E3C5E21BEFBCEF00E1DD90 /* Light.hpp */,
				70E3C5E41BEFD4DF00E1DD90 /* Material.cpp */,
				70E3C5E51BEFD4DF00E1DD90 /* Material.hpp */,
				70E3C5E71BF0E89600E1DD90 /* Heightmap.cpp */,
				70E3C5E81BF0E89600E1DD90 /* Heightmap.hpp */,
				7096543F1C264A98005BB137 /* DiamondSquare.cpp */,
				709654401C264A98005BB137 /* DiamondSquare.hpp */,
				709654421C2D916A005BB137 /* Fault.cpp */,
				709654431C2D916A005BB137 /* Fault.hpp */,
				709654451C3C2AF5005BB137 /* Graph.cpp */,
				709654461C3C2AF5005BB137 /* Graph.hpp */,
				7096544B1C3C3BAB005BB137 /* RMP.cpp */,
				7096544C1C3C3BAB005BB137 /* RMP.hpp */,
				70FA2FC61C3C63D600A53B93 /* Ray.cpp */,
				70FA2FC71C3C63D600A53B93 /* Ray.hpp */,
				708F58491C71E7DF00B26E7A /* Cone.cpp */,
				708F584A1C71E7DF00B26E7A /* Cone.hpp */,
				708F584C1C732BA300B26E7A /* TextureLoader.cpp */,
				708F584D1C732BA300B26E7A /* TextureLoader.hpp */,
				708F58511C7344A900B26E7A /* Texture.cpp */,
				708F58521C7344A900B26E7A /* Texture.hpp */,
				708F587F1C74CC7900B26E7A /* Cube.cpp */,
				708F58801C74CC7900B26E7A /* Cube.hpp */,
				708F58A11C7511CA00B26E7A /* gl_utils.cpp */,
				708F58A21C7511CA00B26E7A /* gl_utils.h */,
				708F58851C74EDBA00B26E7A /* skybox_vs.glsl */,
				708F58861C74EDCA00B26E7A /* skybox_fs.glsl */,
				708F58A41C7519A200B26E7A /* Skybox.cpp */,
				708F58A51C7519A200B26E7A /* Skybox.hpp */,
			);
			path = TerrainGeneration;
			sourceTree = "<group>";
		};
/* End PBXGroup section */

/* Begin PBXNativeTarget section */
		7052CE481BDD38AD000D4446 /* TerrainGeneration */ = {
			isa = PBXNativeTarget;
			buildConfigurationList = 7052CE501BDD38AD000D4446 /* Build configuration list for PBXNativeTarget "TerrainGeneration" */;
			buildPhases = (
				7052CE451BDD38AD000D4446 /* Sources */,
				7052CE461BDD38AD000D4446 /* Frameworks */,
				7052CE471BDD38AD000D4446 /* CopyFiles */,
				7052CE671BDD3B67000D4446 /* CopyFiles */,
			);
			buildRules = (
			);
			dependencies = (
			);
			name = TerrainGeneration;
			productName = TerrainGeneration;
			productReference = 7052CE491BDD38AD000D4446 /* TerrainGeneration */;
			productType = "com.apple.product-type.tool";
		};
/* End PBXNativeTarget section */

/* Begin PBXProject section */
		7052CE411BDD38AD000D4446 /* Project object */ = {
			isa = PBXProject;
			attributes = {
				LastUpgradeCheck = 0700;
				ORGANIZATIONNAME = "Bernhard Fritz";
				TargetAttributes = {
					7052CE481BDD38AD000D4446 = {
						CreatedOnToolsVersion = 7.0.1;
					};
				};
			};
			buildConfigurationList = 7052CE441BDD38AD000D4446 /* Build configuration list for PBXProject "TerrainGeneration" */;
			compatibilityVersion = "Xcode 3.2";
			developmentRegion = English;
			hasScannedForEncodings = 0;
			knownRegions = (
				en,
			);
			mainGroup = 7052CE401BDD38AD000D4446;
			productRefGroup = 7052CE4A1BDD38AD000D4446 /* Products */;
			projectDirPath = "";
			projectRoot = "";
			targets = (
				7052CE481BDD38AD000D4446 /* TerrainGeneration */,
			);
		};
/* End PBXProject section */

/* Begin PBXSourcesBuildPhase section */
		7052CE451BDD38AD000D4446 /* Sources */ = {
			isa = PBXSourcesBuildPhase;
			buildActionMask = 2147483647;
			files = (
				708F58811C74CC7900B26E7A /* Cube.cpp in Sources */,
				70E3C5E31BEFBCEF00E1DD90 /* Light.cpp in Sources */,
				708F58A61C7519A200B26E7A /* Skybox.cpp in Sources */,
				70FA2FC81C3C63D600A53B93 /* Ray.cpp in Sources */,
				702ED7301BE93D0100961271 /* Mesh.cpp in Sources */,
				7052CE751BE3F877000D4446 /* Keyboard.cpp in Sources */,
				70E3C5D61BEF808500E1DD90 /* MeshLoader.cpp in Sources */,
				709654471C3C2AF5005BB137 /* Graph.cpp in Sources */,
				70E3C5E91BF0E89600E1DD90 /* Heightmap.cpp in Sources */,
				708F58531C7344A900B26E7A /* Texture.cpp in Sources */,
				70E3C5E61BEFD4DF00E1DD90 /* Material.cpp in Sources */,
				7096544D1C3C3BAB005BB137 /* RMP.cpp in Sources */,
				708F584B1C71E7DF00B26E7A /* Cone.cpp in Sources */,
				708F58A31C7511CA00B26E7A /* gl_utils.cpp in Sources */,
				7052CE571BDD38F8000D4446 /* ShaderManager.cpp in Sources */,
				709654411C264A98005BB137 /* DiamondSquare.cpp in Sources */,
				7052CE6C1BE1297B000D4446 /* Camera.cpp in Sources */,
				709654441C2D916A005BB137 /* Fault.cpp in Sources */,
				7052CE4D1BDD38AD000D4446 /* main.cpp in Sources */,
				708F584E1C732BA300B26E7A /* TextureLoader.cpp in Sources */,
			);
			runOnlyForDeploymentPostprocessing = 0;
		};
/* End PBXSourcesBuildPhase section */

/* Begin XCBuildConfiguration section */
		7052CE4E1BDD38AD000D4446 /* Debug */ = {
			isa = XCBuildConfiguration;
			buildSettings = {
				ALWAYS_SEARCH_USER_PATHS = NO;
				CLANG_CXX_LANGUAGE_STANDARD = "gnu++0x";
				CLANG_CXX_LIBRARY = "libc++";
				CLANG_ENABLE_MODULES = YES;
				CLANG_ENABLE_OBJC_ARC = YES;
				CLANG_WARN_BOOL_CONVERSION = YES;
				CLANG_WARN_CONSTANT_CONVERSION = YES;
				CLANG_WARN_DIRECT_OBJC_ISA_USAGE = YES_ERROR;
				CLANG_WARN_EMPTY_BODY = YES;
				CLANG_WARN_ENUM_CONVERSION = YES;
				CLANG_WARN_INT_CONVERSION = YES;
				CLANG_WARN_OBJC_ROOT_CLASS = YES_ERROR;
				CLANG_WARN_UNREACHABLE_CODE = YES;
				CLANG_WARN__DUPLICATE_METHOD_MATCH = YES;
				COPY_PHASE_STRIP = NO;
				DEBUG_INFORMATION_FORMAT = dwarf;
				ENABLE_STRICT_OBJC_MSGSEND = YES;
				ENABLE_TESTABILITY = YES;
				GCC_C_LANGUAGE_STANDARD = gnu99;
				GCC_DYNAMIC_NO_PIC = NO;
				GCC_NO_COMMON_BLOCKS = YES;
				GCC_OPTIMIZATION_LEVEL = 0;
				GCC_PREPROCESSOR_DEFINITIONS = (
					"DEBUG=1",
					"$(inherited)",
				);
				GCC_WARN_64_TO_32_BIT_CONVERSION = YES;
				GCC_WARN_ABOUT_RETURN_TYPE = YES_ERROR;
				GCC_WARN_UNDECLARED_SELECTOR = YES;
				GCC_WARN_UNINITIALIZED_AUTOS = YES_AGGRESSIVE;
				GCC_WARN_UNUSED_FUNCTION = YES;
				GCC_WARN_UNUSED_VARIABLE = YES;
				MACOSX_DEPLOYMENT_TARGET = 10.11;
				MTL_ENABLE_DEBUG_INFO = YES;
				ONLY_ACTIVE_ARCH = YES;
				SDKROOT = macosx;
			};
			name = Debug;
		};
		7052CE4F1BDD38AD000D4446 /* Release */ = {
			isa = XCBuildConfiguration;
			buildSettings = {
				ALWAYS_SEARCH_USER_PATHS = NO;
				CLANG_CXX_LANGUAGE_STANDARD = "gnu++0x";
				CLANG_CXX_LIBRARY = "libc++";
				CLANG_ENABLE_MODULES = YES;
				CLANG_ENABLE_OBJC_ARC = YES;
				CLANG_WARN_BOOL_CONVERSION = YES;
				CLANG_WARN_CONSTANT_CONVERSION = YES;
				CLANG_WARN_DIRECT_OBJC_ISA_USAGE = YES_ERROR;
				CLANG_WARN_EMPTY_BODY = YES;
				CLANG_WARN_ENUM_CONVERSION = YES;
				CLANG_WARN_INT_CONVERSION = YES;
				CLANG_WARN_OBJC_ROOT_CLASS = YES_ERROR;
				CLANG_WARN_UNREACHABLE_CODE = YES;
				CLANG_WARN__DUPLICATE_METHOD_MATCH = YES;
				COPY_PHASE_STRIP = NO;
				DEBUG_INFORMATION_FORMAT = "dwarf-with-dsym";
				ENABLE_NS_ASSERTIONS = NO;
				ENABLE_STRICT_OBJC_MSGSEND = YES;
				GCC_C_LANGUAGE_STANDARD = gnu99;
				GCC_NO_COMMON_BLOCKS = YES;
				GCC_WARN_64_TO_32_BIT_CONVERSION = YES;
				GCC_WARN_ABOUT_RETURN_TYPE = YES_ERROR;
				GCC_WARN_UNDECLARED_SELECTOR = YES;
				GCC_WARN_UNINITIALIZED_AUTOS = YES_AGGRESSIVE;
				GCC_WARN_UNUSED_FUNCTION = YES;
				GCC_WARN_UNUSED_VARIABLE = YES;
				MACOSX_DEPLOYMENT_TARGET = 10.11;
				MTL_ENABLE_DEBUG_INFO = NO;
				SDKROOT = macosx;
			};
			name = Release;
		};
		7052CE511BDD38AD000D4446 /* Debug */ = {
			isa = XCBuildConfiguration;
			buildSettings = {
				HEADER_SEARCH_PATHS = /usr/local/include;
				LIBRARY_SEARCH_PATHS = (
					"$(inherited)",
					/usr/local/Cellar/glfw3/3.1.1/lib,
					/usr/local/Cellar/glew/1.11.0/lib,
					/usr/local/Cellar/assimp/3.1.1/lib,
				);
				PRODUCT_NAME = TerrainGeneration;
			};
			name = Debug;
		};
		7052CE521BDD38AD000D4446 /* Release */ = {
			isa = XCBuildConfiguration;
			buildSettings = {
				HEADER_SEARCH_PATHS = /usr/local/include;
				LIBRARY_SEARCH_PATHS = (
					"$(inherited)",
					/usr/local/Cellar/glfw3/3.1.1/lib,
					/usr/local/Cellar/glew/1.11.0/lib,
					/usr/local/Cellar/assimp/3.1.1/lib,
				);
				PRODUCT_NAME = TerrainGeneration;
			};
			name = Release;
		};
/* End XCBuildConfiguration section */

/* Begin XCConfigurationList section */
		7052CE441BDD38AD000D4446 /* Build configuration list for PBXProject "TerrainGeneration" */ = {
			isa = XCConfigurationList;
			buildConfigurations = (
				7052CE4E1BDD38AD000D4446 /* Debug */,
				7052CE4F1BDD38AD000D4446 /* Release */,
			);
			defaultConfigurationIsVisible = 0;
			defaultConfigurationName = Release;
		};
		7052CE501BDD38AD000D4446 /* Build configuration list for PBXNativeTarget "TerrainGeneration" */ = {
			isa = XCConfigurationList;
			buildConfigurations = (
				7052CE511BDD38AD000D4446 /* Debug */,
				7052CE521BDD38AD000D4446 /* Release */,
			);
			defaultConfigurationIsVisible = 0;
			defaultConfigurationName = Release;
		};
/* End XCConfigurationList section */
	};
	rootObject = 7052CE411BDD38AD000D4446 /* Project object */;
}
